
Microsoft Visual Studio Solution File, Format Version 12.00
# Visual Studio 15
VisualStudioVersion = 15.0.28307.572
MinimumVisualStudioVersion = 10.0.40219.1
Project("{9A19103F-16F7-4668-BE54-9A1E7A4F7556}") = "MeetingWebsite.Api", "MeetingWebsite.Api\MeetingWebsite.Api.csproj", "{2D37C974-1970-4B8B-9252-EBEF8CC366B1}"
EndProject
Project("{FAE04EC0-301F-11D3-BF4B-00C04F79EFBC}") = "MeetingWebsite.Models", "MeetingWebsite.Models\MeetingWebsite.Models.csproj", "{DBC687FA-1103-4190-AD84-7F54546F2C41}"
EndProject
Project("{FAE04EC0-301F-11D3-BF4B-00C04F79EFBC}") = "MeetingWebsite.DAL", "MeetingWebsite.DAL\MeetingWebsite.DAL.csproj", "{043F0B9E-7B8B-438D-87AF-2A105F79C1CD}"
EndProject
Project("{FAE04EC0-301F-11D3-BF4B-00C04F79EFBC}") = "MeetingWebsite.BLL", "MeetingWebsite.BLL\MeetingWebsite.BLL.csproj", "{5106FA66-EDB8-43DB-AC16-F681D9EEF4C3}"
EndProject
Global
	GlobalSection(SolutionConfigurationPlatforms) = preSolution
		Debug|Any CPU = Debug|Any CPU
		Release|Any CPU = Release|Any CPU
	EndGlobalSection
	GlobalSection(ProjectConfigurationPlatforms) = postSolution
		{2D37C974-1970-4B8B-9252-EBEF8CC366B1}.Debug|Any CPU.ActiveCfg = Debug|Any CPU
		{2D37C974-1970-4B8B-9252-EBEF8CC366B1}.Debug|Any CPU.Build.0 = Debug|Any CPU
		{2D37C974-1970-4B8B-9252-EBEF8CC366B1}.Release|Any CPU.ActiveCfg = Release|Any CPU
		{2D37C974-1970-4B8B-9252-EBEF8CC366B1}.Release|Any CPU.Build.0 = Release|Any CPU
		{DBC687FA-1103-4190-AD84-7F54546F2C41}.Debug|Any CPU.ActiveCfg = Debug|Any CPU
		{DBC687FA-1103-4190-AD84-7F54546F2C41}.Debug|Any CPU.Build.0 = Debug|Any CPU
		{DBC687FA-1103-4190-AD84-7F54546F2C41}.Release|Any CPU.ActiveCfg = Release|Any CPU
		{DBC687FA-1103-4190-AD84-7F54546F2C41}.Release|Any CPU.Build.0 = Release|Any CPU
		{043F0B9E-7B8B-438D-87AF-2A105F79C1CD}.Debug|Any CPU.ActiveCfg = Debug|Any CPU
		{043F0B9E-7B8B-438D-87AF-2A105F79C1CD}.Debug|Any CPU.Build.0 = Debug|Any CPU
		{043F0B9E-7B8B-438D-87AF-2A105F79C1CD}.Release|Any CPU.ActiveCfg = Release|Any CPU
		{043F0B9E-7B8B-438D-87AF-2A105F79C1CD}.Release|Any CPU.Build.0 = Release|Any CPU
		{5106FA66-EDB8-43DB-AC16-F681D9EEF4C3}.Debug|Any CPU.ActiveCfg = Debug|Any CPU
		{5106FA66-EDB8-43DB-AC16-F681D9EEF4C3}.Debug|Any CPU.Build.0 = Debug|Any CPU
		{5106FA66-EDB8-43DB-AC16-F681D9EEF4C3}.Release|Any CPU.ActiveCfg = Release|Any CPU
		{5106FA66-EDB8-43DB-AC16-F681D9EEF4C3}.Release|Any CPU.Build.0 = Release|Any CPU
	EndGlobalSection
	GlobalSection(SolutionProperties) = preSolution
		HideSolutionNode = FALSE
	EndGlobalSection
	GlobalSection(ExtensibilityGlobals) = postSolution
		SolutionGuid = {7D53C284-8F39-4860-B724-0DF2E74DBDC2}
	EndGlobalSection
EndGlobal
